
Microsoft Visual Studio Solution File, Format Version 12.00
# Visual Studio Version 16
VisualStudioVersion = 16.0.30225.117
MinimumVisualStudioVersion = 10.0.40219.1
Project("{9A19103F-16F7-4668-BE54-9A1E7A4F7556}") = "01. Dishwasher", "01. Dishwasher\01. Dishwasher.csproj", "{D2963336-E1F5-4DD5-992A-2F182E21711F}"
EndProject
Project("{9A19103F-16F7-4668-BE54-9A1E7A4F7556}") = "02. ReportSystem", "02. ReportSystem\02. ReportSystem.csproj", "{6FDC3571-FC51-47E0-96AD-FB8F8ED7A92F}"
EndProject
Project("{FAE04EC0-301F-11D3-BF4B-00C04F79EFBC}") = "03. StreamOfLetters", "03. StreamOfLetters\03. StreamOfLetters.csproj", "{5F11C16D-82EA-45D2-80E7-B3E33B8C4B10}"
EndProject
Project("{FAE04EC0-301F-11D3-BF4B-00C04F79EFBC}") = "04. NumbersDividedBy3WithoutReminder", "04. NumbersDividedBy3WithoutReminder\04. NumbersDividedBy3WithoutReminder.csproj", "{7DE6C595-91AD-4F35-9FD0-424338BBE7F2}"
EndProject
Project("{FAE04EC0-301F-11D3-BF4B-00C04F79EFBC}") = "05. AverageNumber", "05. AverageNumber\05. AverageNumber.csproj", "{9F320B3A-E980-43A1-9A56-FEB65001BA3A}"
EndProject
Global
	GlobalSection(SolutionConfigurationPlatforms) = preSolution
		Debug|Any CPU = Debug|Any CPU
		Release|Any CPU = Release|Any CPU
	EndGlobalSection
	GlobalSection(ProjectConfigurationPlatforms) = postSolution
		{D2963336-E1F5-4DD5-992A-2F182E21711F}.Debug|Any CPU.ActiveCfg = Debug|Any CPU
		{D2963336-E1F5-4DD5-992A-2F182E21711F}.Debug|Any CPU.Build.0 = Debug|Any CPU
		{D2963336-E1F5-4DD5-992A-2F182E21711F}.Release|Any CPU.ActiveCfg = Release|Any CPU
		{D2963336-E1F5-4DD5-992A-2F182E21711F}.Release|Any CPU.Build.0 = Release|Any CPU
		{6FDC3571-FC51-47E0-96AD-FB8F8ED7A92F}.Debug|Any CPU.ActiveCfg = Debug|Any CPU
		{6FDC3571-FC51-47E0-96AD-FB8F8ED7A92F}.Debug|Any CPU.Build.0 = Debug|Any CPU
		{6FDC3571-FC51-47E0-96AD-FB8F8ED7A92F}.Release|Any CPU.ActiveCfg = Release|Any CPU
		{6FDC3571-FC51-47E0-96AD-FB8F8ED7A92F}.Release|Any CPU.Build.0 = Release|Any CPU
		{5F11C16D-82EA-45D2-80E7-B3E33B8C4B10}.Debug|Any CPU.ActiveCfg = Debug|Any CPU
		{5F11C16D-82EA-45D2-80E7-B3E33B8C4B10}.Debug|Any CPU.Build.0 = Debug|Any CPU
		{5F11C16D-82EA-45D2-80E7-B3E33B8C4B10}.Release|Any CPU.ActiveCfg = Release|Any CPU
		{5F11C16D-82EA-45D2-80E7-B3E33B8C4B10}.Release|Any CPU.Build.0 = Release|Any CPU
		{7DE6C595-91AD-4F35-9FD0-424338BBE7F2}.Debug|Any CPU.ActiveCfg = Debug|Any CPU
		{7DE6C595-91AD-4F35-9FD0-424338BBE7F2}.Debug|Any CPU.Build.0 = Debug|Any CPU
		{7DE6C595-91AD-4F35-9FD0-424338BBE7F2}.Release|Any CPU.ActiveCfg = Release|Any CPU
		{7DE6C595-91AD-4F35-9FD0-424338BBE7F2}.Release|Any CPU.Build.0 = Release|Any CPU
		{9F320B3A-E980-43A1-9A56-FEB65001BA3A}.Debug|Any CPU.ActiveCfg = Debug|Any CPU
		{9F320B3A-E980-43A1-9A56-FEB65001BA3A}.Debug|Any CPU.Build.0 = Debug|Any CPU
		{9F320B3A-E980-43A1-9A56-FEB65001BA3A}.Release|Any CPU.ActiveCfg = Release|Any CPU
		{9F320B3A-E980-43A1-9A56-FEB65001BA3A}.Release|Any CPU.Build.0 = Release|Any CPU
	EndGlobalSection
	GlobalSection(SolutionProperties) = preSolution
		HideSolutionNode = FALSE
	EndGlobalSection
	GlobalSection(ExtensibilityGlobals) = postSolution
		SolutionGuid = {C74F4DC2-1FA8-4432-8073-01AB161BB8CC}
	EndGlobalSection
EndGlobal
