
Microsoft Visual Studio Solution File, Format Version 12.00
# Visual Studio Version 16
VisualStudioVersion = 16.0.30711.63
MinimumVisualStudioVersion = 10.0.40219.1
Project("{FAE04EC0-301F-11D3-BF4B-00C04F79EFBC}") = "01.SecretChat", "01.SecretChat\01.SecretChat.csproj", "{B10CD81B-5948-4462-B2F9-918F20D83F03}"
EndProject
Project("{FAE04EC0-301F-11D3-BF4B-00C04F79EFBC}") = "02.MirrorWords", "02.MirrorWords\02.MirrorWords.csproj", "{B9F6DB00-08E5-485B-8363-CACD083A61EE}"
EndProject
Project("{FAE04EC0-301F-11D3-BF4B-00C04F79EFBC}") = "03.NeedForSpeedIII", "03.NeedForSpeedIII\03.NeedForSpeedIII.csproj", "{D5DC9B27-2BE3-417B-9B08-6B040292052F}"
EndProject
Global
	GlobalSection(SolutionConfigurationPlatforms) = preSolution
		Debug|Any CPU = Debug|Any CPU
		Release|Any CPU = Release|Any CPU
	EndGlobalSection
	GlobalSection(ProjectConfigurationPlatforms) = postSolution
		{B10CD81B-5948-4462-B2F9-918F20D83F03}.Debug|Any CPU.ActiveCfg = Debug|Any CPU
		{B10CD81B-5948-4462-B2F9-918F20D83F03}.Debug|Any CPU.Build.0 = Debug|Any CPU
		{B10CD81B-5948-4462-B2F9-918F20D83F03}.Release|Any CPU.ActiveCfg = Release|Any CPU
		{B10CD81B-5948-4462-B2F9-918F20D83F03}.Release|Any CPU.Build.0 = Release|Any CPU
		{B9F6DB00-08E5-485B-8363-CACD083A61EE}.Debug|Any CPU.ActiveCfg = Debug|Any CPU
		{B9F6DB00-08E5-485B-8363-CACD083A61EE}.Debug|Any CPU.Build.0 = Debug|Any CPU
		{B9F6DB00-08E5-485B-8363-CACD083A61EE}.Release|Any CPU.ActiveCfg = Release|Any CPU
		{B9F6DB00-08E5-485B-8363-CACD083A61EE}.Release|Any CPU.Build.0 = Release|Any CPU
		{D5DC9B27-2BE3-417B-9B08-6B040292052F}.Debug|Any CPU.ActiveCfg = Debug|Any CPU
		{D5DC9B27-2BE3-417B-9B08-6B040292052F}.Debug|Any CPU.Build.0 = Debug|Any CPU
		{D5DC9B27-2BE3-417B-9B08-6B040292052F}.Release|Any CPU.ActiveCfg = Release|Any CPU
		{D5DC9B27-2BE3-417B-9B08-6B040292052F}.Release|Any CPU.Build.0 = Release|Any CPU
	EndGlobalSection
	GlobalSection(SolutionProperties) = preSolution
		HideSolutionNode = FALSE
	EndGlobalSection
	GlobalSection(ExtensibilityGlobals) = postSolution
		SolutionGuid = {908400FA-88C1-4BFA-8B99-237AAD1B38A7}
	EndGlobalSection
EndGlobal
