
Microsoft Visual Studio Solution File, Format Version 12.00
# Visual Studio Version 16
VisualStudioVersion = 16.0.30711.63
MinimumVisualStudioVersion = 10.0.40219.1
Project("{9A19103F-16F7-4668-BE54-9A1E7A4F7556}") = "1. Car", "1. Car\1. Car.csproj", "{C0F8CB91-A2CF-4C99-9B24-4D24F01480E6}"
EndProject
Project("{9A19103F-16F7-4668-BE54-9A1E7A4F7556}") = "2.CarExtension", "2.CarExtension\2.CarExtension.csproj", "{2436B80F-408E-40EA-882C-E11C2BE4F772}"
EndProject
Project("{9A19103F-16F7-4668-BE54-9A1E7A4F7556}") = "3.CarConstructors", "3.CarConstructors\3.CarConstructors.csproj", "{53B54A16-DAD0-44DF-B80E-8C3092A0029E}"
EndProject
Project("{9A19103F-16F7-4668-BE54-9A1E7A4F7556}") = "4.CarEngineAndTires", "4.CarEngineAndTires\4.CarEngineAndTires.csproj", "{6F39A90F-321C-4CB4-9D7C-570025AA3372}"
EndProject
Project("{FAE04EC0-301F-11D3-BF4B-00C04F79EFBC}") = "5.SpecialCars", "5.SpecialCars\5.SpecialCars.csproj", "{44675D8F-3D12-493A-92FE-C5CE59A22B98}"
EndProject
Global
	GlobalSection(SolutionConfigurationPlatforms) = preSolution
		Debug|Any CPU = Debug|Any CPU
		Release|Any CPU = Release|Any CPU
	EndGlobalSection
	GlobalSection(ProjectConfigurationPlatforms) = postSolution
		{C0F8CB91-A2CF-4C99-9B24-4D24F01480E6}.Debug|Any CPU.ActiveCfg = Debug|Any CPU
		{C0F8CB91-A2CF-4C99-9B24-4D24F01480E6}.Debug|Any CPU.Build.0 = Debug|Any CPU
		{C0F8CB91-A2CF-4C99-9B24-4D24F01480E6}.Release|Any CPU.ActiveCfg = Release|Any CPU
		{C0F8CB91-A2CF-4C99-9B24-4D24F01480E6}.Release|Any CPU.Build.0 = Release|Any CPU
		{2436B80F-408E-40EA-882C-E11C2BE4F772}.Debug|Any CPU.ActiveCfg = Debug|Any CPU
		{2436B80F-408E-40EA-882C-E11C2BE4F772}.Debug|Any CPU.Build.0 = Debug|Any CPU
		{2436B80F-408E-40EA-882C-E11C2BE4F772}.Release|Any CPU.ActiveCfg = Release|Any CPU
		{2436B80F-408E-40EA-882C-E11C2BE4F772}.Release|Any CPU.Build.0 = Release|Any CPU
		{53B54A16-DAD0-44DF-B80E-8C3092A0029E}.Debug|Any CPU.ActiveCfg = Debug|Any CPU
		{53B54A16-DAD0-44DF-B80E-8C3092A0029E}.Debug|Any CPU.Build.0 = Debug|Any CPU
		{53B54A16-DAD0-44DF-B80E-8C3092A0029E}.Release|Any CPU.ActiveCfg = Release|Any CPU
		{53B54A16-DAD0-44DF-B80E-8C3092A0029E}.Release|Any CPU.Build.0 = Release|Any CPU
		{6F39A90F-321C-4CB4-9D7C-570025AA3372}.Debug|Any CPU.ActiveCfg = Debug|Any CPU
		{6F39A90F-321C-4CB4-9D7C-570025AA3372}.Debug|Any CPU.Build.0 = Debug|Any CPU
		{6F39A90F-321C-4CB4-9D7C-570025AA3372}.Release|Any CPU.ActiveCfg = Release|Any CPU
		{6F39A90F-321C-4CB4-9D7C-570025AA3372}.Release|Any CPU.Build.0 = Release|Any CPU
		{44675D8F-3D12-493A-92FE-C5CE59A22B98}.Debug|Any CPU.ActiveCfg = Debug|Any CPU
		{44675D8F-3D12-493A-92FE-C5CE59A22B98}.Debug|Any CPU.Build.0 = Debug|Any CPU
		{44675D8F-3D12-493A-92FE-C5CE59A22B98}.Release|Any CPU.ActiveCfg = Release|Any CPU
		{44675D8F-3D12-493A-92FE-C5CE59A22B98}.Release|Any CPU.Build.0 = Release|Any CPU
	EndGlobalSection
	GlobalSection(SolutionProperties) = preSolution
		HideSolutionNode = FALSE
	EndGlobalSection
	GlobalSection(ExtensibilityGlobals) = postSolution
		SolutionGuid = {FF66829B-4E16-4150-AFF2-45D5A736AD90}
	EndGlobalSection
EndGlobal
