
Microsoft Visual Studio Solution File, Format Version 12.00
# Visual Studio Version 16
VisualStudioVersion = 16.0.30711.63
MinimumVisualStudioVersion = 10.0.40219.1
Project("{FAE04EC0-301F-11D3-BF4B-00C04F79EFBC}") = "01.Bombs", "01.Bombs\01.Bombs.csproj", "{C23C6D72-E2D6-4A35-B4A2-78FDFCAD3286}"
EndProject
Project("{FAE04EC0-301F-11D3-BF4B-00C04F79EFBC}") = "02.Snake", "02.Snake\02.Snake.csproj", "{C983C461-21CF-4F73-8D16-4011A132D03F}"
EndProject
Project("{FAE04EC0-301F-11D3-BF4B-00C04F79EFBC}") = "03.Parking", "03.Parking\03.Parking.csproj", "{68AE6715-30BF-400B-866A-5DF005D79B16}"
EndProject
Global
	GlobalSection(SolutionConfigurationPlatforms) = preSolution
		Debug|Any CPU = Debug|Any CPU
		Release|Any CPU = Release|Any CPU
	EndGlobalSection
	GlobalSection(ProjectConfigurationPlatforms) = postSolution
		{C23C6D72-E2D6-4A35-B4A2-78FDFCAD3286}.Debug|Any CPU.ActiveCfg = Debug|Any CPU
		{C23C6D72-E2D6-4A35-B4A2-78FDFCAD3286}.Debug|Any CPU.Build.0 = Debug|Any CPU
		{C23C6D72-E2D6-4A35-B4A2-78FDFCAD3286}.Release|Any CPU.ActiveCfg = Release|Any CPU
		{C23C6D72-E2D6-4A35-B4A2-78FDFCAD3286}.Release|Any CPU.Build.0 = Release|Any CPU
		{C983C461-21CF-4F73-8D16-4011A132D03F}.Debug|Any CPU.ActiveCfg = Debug|Any CPU
		{C983C461-21CF-4F73-8D16-4011A132D03F}.Debug|Any CPU.Build.0 = Debug|Any CPU
		{C983C461-21CF-4F73-8D16-4011A132D03F}.Release|Any CPU.ActiveCfg = Release|Any CPU
		{C983C461-21CF-4F73-8D16-4011A132D03F}.Release|Any CPU.Build.0 = Release|Any CPU
		{68AE6715-30BF-400B-866A-5DF005D79B16}.Debug|Any CPU.ActiveCfg = Debug|Any CPU
		{68AE6715-30BF-400B-866A-5DF005D79B16}.Debug|Any CPU.Build.0 = Debug|Any CPU
		{68AE6715-30BF-400B-866A-5DF005D79B16}.Release|Any CPU.ActiveCfg = Release|Any CPU
		{68AE6715-30BF-400B-866A-5DF005D79B16}.Release|Any CPU.Build.0 = Release|Any CPU
	EndGlobalSection
	GlobalSection(SolutionProperties) = preSolution
		HideSolutionNode = FALSE
	EndGlobalSection
	GlobalSection(ExtensibilityGlobals) = postSolution
		SolutionGuid = {1991E289-6441-427D-A06E-56AB6A13F372}
	EndGlobalSection
EndGlobal
