
Microsoft Visual Studio Solution File, Format Version 12.00
# Visual Studio Version 16
VisualStudioVersion = 16.0.30711.63
MinimumVisualStudioVersion = 10.0.40219.1
Project("{FAE04EC0-301F-11D3-BF4B-00C04F79EFBC}") = "01.Lootbox", "01.Lootbox\01.Lootbox.csproj", "{0753BB99-D5EC-48E6-B4B1-4A9CF3BAC435}"
EndProject
Project("{FAE04EC0-301F-11D3-BF4B-00C04F79EFBC}") = "02.Re-Volt", "02.Re-Volt\02.Re-Volt.csproj", "{0D838CCC-0CAE-405C-8756-8D3494CB19D8}"
EndProject
Project("{FAE04EC0-301F-11D3-BF4B-00C04F79EFBC}") = "03.Guild", "03.Guild\03.Guild.csproj", "{D52F2971-584B-42FD-83B6-15C9302AB0A2}"
EndProject
Global
	GlobalSection(SolutionConfigurationPlatforms) = preSolution
		Debug|Any CPU = Debug|Any CPU
		Release|Any CPU = Release|Any CPU
	EndGlobalSection
	GlobalSection(ProjectConfigurationPlatforms) = postSolution
		{0753BB99-D5EC-48E6-B4B1-4A9CF3BAC435}.Debug|Any CPU.ActiveCfg = Debug|Any CPU
		{0753BB99-D5EC-48E6-B4B1-4A9CF3BAC435}.Debug|Any CPU.Build.0 = Debug|Any CPU
		{0753BB99-D5EC-48E6-B4B1-4A9CF3BAC435}.Release|Any CPU.ActiveCfg = Release|Any CPU
		{0753BB99-D5EC-48E6-B4B1-4A9CF3BAC435}.Release|Any CPU.Build.0 = Release|Any CPU
		{0D838CCC-0CAE-405C-8756-8D3494CB19D8}.Debug|Any CPU.ActiveCfg = Debug|Any CPU
		{0D838CCC-0CAE-405C-8756-8D3494CB19D8}.Debug|Any CPU.Build.0 = Debug|Any CPU
		{0D838CCC-0CAE-405C-8756-8D3494CB19D8}.Release|Any CPU.ActiveCfg = Release|Any CPU
		{0D838CCC-0CAE-405C-8756-8D3494CB19D8}.Release|Any CPU.Build.0 = Release|Any CPU
		{D52F2971-584B-42FD-83B6-15C9302AB0A2}.Debug|Any CPU.ActiveCfg = Debug|Any CPU
		{D52F2971-584B-42FD-83B6-15C9302AB0A2}.Debug|Any CPU.Build.0 = Debug|Any CPU
		{D52F2971-584B-42FD-83B6-15C9302AB0A2}.Release|Any CPU.ActiveCfg = Release|Any CPU
		{D52F2971-584B-42FD-83B6-15C9302AB0A2}.Release|Any CPU.Build.0 = Release|Any CPU
	EndGlobalSection
	GlobalSection(SolutionProperties) = preSolution
		HideSolutionNode = FALSE
	EndGlobalSection
	GlobalSection(ExtensibilityGlobals) = postSolution
		SolutionGuid = {EDEFA2E7-FD68-4859-8CCE-699486C56DA3}
	EndGlobalSection
EndGlobal
