
Microsoft Visual Studio Solution File, Format Version 12.00
# Visual Studio Version 16
VisualStudioVersion = 16.0.30711.63
MinimumVisualStudioVersion = 10.0.40219.1
Project("{FAE04EC0-301F-11D3-BF4B-00C04F79EFBC}") = "01.PasswordReset", "01.PasswordReset\01.PasswordReset.csproj", "{91F5F478-6970-4224-8081-1DB22B3A2ABD}"
EndProject
Project("{FAE04EC0-301F-11D3-BF4B-00C04F79EFBC}") = "02.FancyBarcodes", "02.FancyBarcodes\02.FancyBarcodes.csproj", "{1C0D7D6B-FA83-47B3-8181-7D53119ECD4F}"
EndProject
Project("{FAE04EC0-301F-11D3-BF4B-00C04F79EFBC}") = "03.HeroesOfCodeAndLogicVII", "03.HeroesOfCodeAndLogicVII\03.HeroesOfCodeAndLogicVII.csproj", "{134C908B-1A3F-4342-91B5-BC412D915550}"
EndProject
Global
	GlobalSection(SolutionConfigurationPlatforms) = preSolution
		Debug|Any CPU = Debug|Any CPU
		Release|Any CPU = Release|Any CPU
	EndGlobalSection
	GlobalSection(ProjectConfigurationPlatforms) = postSolution
		{91F5F478-6970-4224-8081-1DB22B3A2ABD}.Debug|Any CPU.ActiveCfg = Debug|Any CPU
		{91F5F478-6970-4224-8081-1DB22B3A2ABD}.Debug|Any CPU.Build.0 = Debug|Any CPU
		{91F5F478-6970-4224-8081-1DB22B3A2ABD}.Release|Any CPU.ActiveCfg = Release|Any CPU
		{91F5F478-6970-4224-8081-1DB22B3A2ABD}.Release|Any CPU.Build.0 = Release|Any CPU
		{1C0D7D6B-FA83-47B3-8181-7D53119ECD4F}.Debug|Any CPU.ActiveCfg = Debug|Any CPU
		{1C0D7D6B-FA83-47B3-8181-7D53119ECD4F}.Debug|Any CPU.Build.0 = Debug|Any CPU
		{1C0D7D6B-FA83-47B3-8181-7D53119ECD4F}.Release|Any CPU.ActiveCfg = Release|Any CPU
		{1C0D7D6B-FA83-47B3-8181-7D53119ECD4F}.Release|Any CPU.Build.0 = Release|Any CPU
		{134C908B-1A3F-4342-91B5-BC412D915550}.Debug|Any CPU.ActiveCfg = Debug|Any CPU
		{134C908B-1A3F-4342-91B5-BC412D915550}.Debug|Any CPU.Build.0 = Debug|Any CPU
		{134C908B-1A3F-4342-91B5-BC412D915550}.Release|Any CPU.ActiveCfg = Release|Any CPU
		{134C908B-1A3F-4342-91B5-BC412D915550}.Release|Any CPU.Build.0 = Release|Any CPU
	EndGlobalSection
	GlobalSection(SolutionProperties) = preSolution
		HideSolutionNode = FALSE
	EndGlobalSection
	GlobalSection(ExtensibilityGlobals) = postSolution
		SolutionGuid = {4D6FC4E7-C4B1-4F4B-B856-A8643D959F9A}
	EndGlobalSection
EndGlobal
