
Microsoft Visual Studio Solution File, Format Version 12.00
# Visual Studio Version 16
VisualStudioVersion = 16.0.30711.63
MinimumVisualStudioVersion = 10.0.40219.1
Project("{9A19103F-16F7-4668-BE54-9A1E7A4F7556}") = "01.TheImitationGame", "01.TheImitationGame\01.TheImitationGame.csproj", "{43E25F63-A660-4577-A8FD-9A0E334A7517}"
EndProject
Project("{9A19103F-16F7-4668-BE54-9A1E7A4F7556}") = "02.AdAstra", "02.AdAstra\02.AdAstra.csproj", "{B895DDF0-0F38-41B5-85DD-0C743EAC98C0}"
EndProject
Project("{9A19103F-16F7-4668-BE54-9A1E7A4F7556}") = "03.ThePianist", "03.ThePianist\03.ThePianist.csproj", "{5278B296-C3D4-4CEE-B0AD-2EAF0EFC5577}"
EndProject
Project("{FAE04EC0-301F-11D3-BF4B-00C04F79EFBC}") = "ConsoleApp1", "ConsoleApp1\ConsoleApp1.csproj", "{D7973236-5EB1-436D-AA5A-19A6864D95F5}"
EndProject
Global
	GlobalSection(SolutionConfigurationPlatforms) = preSolution
		Debug|Any CPU = Debug|Any CPU
		Release|Any CPU = Release|Any CPU
	EndGlobalSection
	GlobalSection(ProjectConfigurationPlatforms) = postSolution
		{43E25F63-A660-4577-A8FD-9A0E334A7517}.Debug|Any CPU.ActiveCfg = Debug|Any CPU
		{43E25F63-A660-4577-A8FD-9A0E334A7517}.Debug|Any CPU.Build.0 = Debug|Any CPU
		{43E25F63-A660-4577-A8FD-9A0E334A7517}.Release|Any CPU.ActiveCfg = Release|Any CPU
		{43E25F63-A660-4577-A8FD-9A0E334A7517}.Release|Any CPU.Build.0 = Release|Any CPU
		{B895DDF0-0F38-41B5-85DD-0C743EAC98C0}.Debug|Any CPU.ActiveCfg = Debug|Any CPU
		{B895DDF0-0F38-41B5-85DD-0C743EAC98C0}.Debug|Any CPU.Build.0 = Debug|Any CPU
		{B895DDF0-0F38-41B5-85DD-0C743EAC98C0}.Release|Any CPU.ActiveCfg = Release|Any CPU
		{B895DDF0-0F38-41B5-85DD-0C743EAC98C0}.Release|Any CPU.Build.0 = Release|Any CPU
		{5278B296-C3D4-4CEE-B0AD-2EAF0EFC5577}.Debug|Any CPU.ActiveCfg = Debug|Any CPU
		{5278B296-C3D4-4CEE-B0AD-2EAF0EFC5577}.Debug|Any CPU.Build.0 = Debug|Any CPU
		{5278B296-C3D4-4CEE-B0AD-2EAF0EFC5577}.Release|Any CPU.ActiveCfg = Release|Any CPU
		{5278B296-C3D4-4CEE-B0AD-2EAF0EFC5577}.Release|Any CPU.Build.0 = Release|Any CPU
		{D7973236-5EB1-436D-AA5A-19A6864D95F5}.Debug|Any CPU.ActiveCfg = Debug|Any CPU
		{D7973236-5EB1-436D-AA5A-19A6864D95F5}.Debug|Any CPU.Build.0 = Debug|Any CPU
		{D7973236-5EB1-436D-AA5A-19A6864D95F5}.Release|Any CPU.ActiveCfg = Release|Any CPU
		{D7973236-5EB1-436D-AA5A-19A6864D95F5}.Release|Any CPU.Build.0 = Release|Any CPU
	EndGlobalSection
	GlobalSection(SolutionProperties) = preSolution
		HideSolutionNode = FALSE
	EndGlobalSection
	GlobalSection(ExtensibilityGlobals) = postSolution
		SolutionGuid = {893E0ED7-4F26-47EF-9C29-E9BEBCDE1E3E}
	EndGlobalSection
EndGlobal
