
Microsoft Visual Studio Solution File, Format Version 12.00
# Visual Studio Version 16
VisualStudioVersion = 16.0.30711.63
MinimumVisualStudioVersion = 10.0.40219.1
Project("{FAE04EC0-301F-11D3-BF4B-00C04F79EFBC}") = "01.SingleInheritance", "01.SingleInheritance\01.SingleInheritance.csproj", "{AE22B8C0-D6FB-49F3-940F-BACA88BFD410}"
EndProject
Project("{FAE04EC0-301F-11D3-BF4B-00C04F79EFBC}") = "02.MultipleInheritance", "02.MultipleInheritance\02.MultipleInheritance.csproj", "{B9A6285F-130A-41DF-A8FF-96E0F2D81C93}"
EndProject
Project("{FAE04EC0-301F-11D3-BF4B-00C04F79EFBC}") = "03.HierarchicalInheritance", "03.HierarchicalInheritance\03.HierarchicalInheritance.csproj", "{0ADA25E6-8EFB-4684-A853-168094D9F01B}"
EndProject
Project("{FAE04EC0-301F-11D3-BF4B-00C04F79EFBC}") = "04.RandomList", "04.RandomList\04.RandomList.csproj", "{5F0EE1C3-092C-41AB-9A89-83E9E4290A9D}"
EndProject
Project("{FAE04EC0-301F-11D3-BF4B-00C04F79EFBC}") = "05.StackOfStrings", "05.StackOfStrings\05.StackOfStrings.csproj", "{B29CE55F-E37B-465D-8D5C-9B16273BA393}"
EndProject
Global
	GlobalSection(SolutionConfigurationPlatforms) = preSolution
		Debug|Any CPU = Debug|Any CPU
		Release|Any CPU = Release|Any CPU
	EndGlobalSection
	GlobalSection(ProjectConfigurationPlatforms) = postSolution
		{AE22B8C0-D6FB-49F3-940F-BACA88BFD410}.Debug|Any CPU.ActiveCfg = Debug|Any CPU
		{AE22B8C0-D6FB-49F3-940F-BACA88BFD410}.Debug|Any CPU.Build.0 = Debug|Any CPU
		{AE22B8C0-D6FB-49F3-940F-BACA88BFD410}.Release|Any CPU.ActiveCfg = Release|Any CPU
		{AE22B8C0-D6FB-49F3-940F-BACA88BFD410}.Release|Any CPU.Build.0 = Release|Any CPU
		{B9A6285F-130A-41DF-A8FF-96E0F2D81C93}.Debug|Any CPU.ActiveCfg = Debug|Any CPU
		{B9A6285F-130A-41DF-A8FF-96E0F2D81C93}.Debug|Any CPU.Build.0 = Debug|Any CPU
		{B9A6285F-130A-41DF-A8FF-96E0F2D81C93}.Release|Any CPU.ActiveCfg = Release|Any CPU
		{B9A6285F-130A-41DF-A8FF-96E0F2D81C93}.Release|Any CPU.Build.0 = Release|Any CPU
		{0ADA25E6-8EFB-4684-A853-168094D9F01B}.Debug|Any CPU.ActiveCfg = Debug|Any CPU
		{0ADA25E6-8EFB-4684-A853-168094D9F01B}.Debug|Any CPU.Build.0 = Debug|Any CPU
		{0ADA25E6-8EFB-4684-A853-168094D9F01B}.Release|Any CPU.ActiveCfg = Release|Any CPU
		{0ADA25E6-8EFB-4684-A853-168094D9F01B}.Release|Any CPU.Build.0 = Release|Any CPU
		{5F0EE1C3-092C-41AB-9A89-83E9E4290A9D}.Debug|Any CPU.ActiveCfg = Debug|Any CPU
		{5F0EE1C3-092C-41AB-9A89-83E9E4290A9D}.Debug|Any CPU.Build.0 = Debug|Any CPU
		{5F0EE1C3-092C-41AB-9A89-83E9E4290A9D}.Release|Any CPU.ActiveCfg = Release|Any CPU
		{5F0EE1C3-092C-41AB-9A89-83E9E4290A9D}.Release|Any CPU.Build.0 = Release|Any CPU
		{B29CE55F-E37B-465D-8D5C-9B16273BA393}.Debug|Any CPU.ActiveCfg = Debug|Any CPU
		{B29CE55F-E37B-465D-8D5C-9B16273BA393}.Debug|Any CPU.Build.0 = Debug|Any CPU
		{B29CE55F-E37B-465D-8D5C-9B16273BA393}.Release|Any CPU.ActiveCfg = Release|Any CPU
		{B29CE55F-E37B-465D-8D5C-9B16273BA393}.Release|Any CPU.Build.0 = Release|Any CPU
	EndGlobalSection
	GlobalSection(SolutionProperties) = preSolution
		HideSolutionNode = FALSE
	EndGlobalSection
	GlobalSection(ExtensibilityGlobals) = postSolution
		SolutionGuid = {9D76EB7D-8AD9-4082-84C3-C0BEC7F1032D}
	EndGlobalSection
EndGlobal
