
Microsoft Visual Studio Solution File, Format Version 12.00
# Visual Studio Version 16
VisualStudioVersion = 16.0.30711.63
MinimumVisualStudioVersion = 10.0.40219.1
Project("{FAE04EC0-301F-11D3-BF4B-00C04F79EFBC}") = "01.ActivationKeys", "01.ActivationKeys\01.ActivationKeys.csproj", "{1356DD89-EAAC-465E-8592-AAAA4BAE3704}"
EndProject
Project("{FAE04EC0-301F-11D3-BF4B-00C04F79EFBC}") = "02.EmojiDetector", "02.EmojiDetector\02.EmojiDetector.csproj", "{1ECD4367-23EB-4EF5-8713-797F901E37E9}"
EndProject
Project("{FAE04EC0-301F-11D3-BF4B-00C04F79EFBC}") = "03.P!rates", "03.P!rates\03.P!rates.csproj", "{95F693DC-1C48-4D2A-B1FD-DD3A34169E1D}"
EndProject
Global
	GlobalSection(SolutionConfigurationPlatforms) = preSolution
		Debug|Any CPU = Debug|Any CPU
		Release|Any CPU = Release|Any CPU
	EndGlobalSection
	GlobalSection(ProjectConfigurationPlatforms) = postSolution
		{1356DD89-EAAC-465E-8592-AAAA4BAE3704}.Debug|Any CPU.ActiveCfg = Debug|Any CPU
		{1356DD89-EAAC-465E-8592-AAAA4BAE3704}.Debug|Any CPU.Build.0 = Debug|Any CPU
		{1356DD89-EAAC-465E-8592-AAAA4BAE3704}.Release|Any CPU.ActiveCfg = Release|Any CPU
		{1356DD89-EAAC-465E-8592-AAAA4BAE3704}.Release|Any CPU.Build.0 = Release|Any CPU
		{1ECD4367-23EB-4EF5-8713-797F901E37E9}.Debug|Any CPU.ActiveCfg = Debug|Any CPU
		{1ECD4367-23EB-4EF5-8713-797F901E37E9}.Debug|Any CPU.Build.0 = Debug|Any CPU
		{1ECD4367-23EB-4EF5-8713-797F901E37E9}.Release|Any CPU.ActiveCfg = Release|Any CPU
		{1ECD4367-23EB-4EF5-8713-797F901E37E9}.Release|Any CPU.Build.0 = Release|Any CPU
		{95F693DC-1C48-4D2A-B1FD-DD3A34169E1D}.Debug|Any CPU.ActiveCfg = Debug|Any CPU
		{95F693DC-1C48-4D2A-B1FD-DD3A34169E1D}.Debug|Any CPU.Build.0 = Debug|Any CPU
		{95F693DC-1C48-4D2A-B1FD-DD3A34169E1D}.Release|Any CPU.ActiveCfg = Release|Any CPU
		{95F693DC-1C48-4D2A-B1FD-DD3A34169E1D}.Release|Any CPU.Build.0 = Release|Any CPU
	EndGlobalSection
	GlobalSection(SolutionProperties) = preSolution
		HideSolutionNode = FALSE
	EndGlobalSection
	GlobalSection(ExtensibilityGlobals) = postSolution
		SolutionGuid = {CF07B5CE-78D9-48B7-A1F2-54282F963D0D}
	EndGlobalSection
EndGlobal
