
Microsoft Visual Studio Solution File, Format Version 12.00
# Visual Studio Version 16
VisualStudioVersion = 16.0.30711.63
MinimumVisualStudioVersion = 10.0.40219.1
Project("{FAE04EC0-301F-11D3-BF4B-00C04F79EFBC}") = "01.UniqueUsernames", "01.UniqueUsernames\01.UniqueUsernames.csproj", "{C49E767B-0566-4550-BAEB-11417ADFA0B6}"
EndProject
Project("{FAE04EC0-301F-11D3-BF4B-00C04F79EFBC}") = "02.SetsOfElements", "02.SetsOfElements\02.SetsOfElements.csproj", "{90B19A85-1862-4346-9162-AC6D61313AC8}"
EndProject
Project("{FAE04EC0-301F-11D3-BF4B-00C04F79EFBC}") = "03.PeriodicTable", "03.PeriodicTable\03.PeriodicTable.csproj", "{4F460B15-3A3E-49C2-90E4-41A797EF3257}"
EndProject
Project("{FAE04EC0-301F-11D3-BF4B-00C04F79EFBC}") = "04.EvenTimes", "04.EvenTimes\04.EvenTimes.csproj", "{1C56CAB2-A22D-4DEE-975B-2813F2DA500B}"
EndProject
Project("{FAE04EC0-301F-11D3-BF4B-00C04F79EFBC}") = "05.CountSymbols", "05.CountSymbols\05.CountSymbols.csproj", "{A79DAD8B-A94E-43BA-A6B9-6D081C41E818}"
EndProject
Project("{FAE04EC0-301F-11D3-BF4B-00C04F79EFBC}") = "06.Wardrobe", "06.Wardrobe\06.Wardrobe.csproj", "{969D4F75-F8A9-449F-8AAD-B65EDE6E5E0F}"
EndProject
Project("{FAE04EC0-301F-11D3-BF4B-00C04F79EFBC}") = "07.TheVLogger", "07.TheVLogger\07.TheVLogger.csproj", "{94F44441-5357-4E0A-9EFA-5C6E80E78BC6}"
EndProject
Project("{FAE04EC0-301F-11D3-BF4B-00C04F79EFBC}") = "08.Ranking", "08.Ranking\08.Ranking.csproj", "{1CAF2BC2-E5DA-42C6-8E13-BCEF581B9FB5}"
EndProject
Global
	GlobalSection(SolutionConfigurationPlatforms) = preSolution
		Debug|Any CPU = Debug|Any CPU
		Release|Any CPU = Release|Any CPU
	EndGlobalSection
	GlobalSection(ProjectConfigurationPlatforms) = postSolution
		{C49E767B-0566-4550-BAEB-11417ADFA0B6}.Debug|Any CPU.ActiveCfg = Debug|Any CPU
		{C49E767B-0566-4550-BAEB-11417ADFA0B6}.Debug|Any CPU.Build.0 = Debug|Any CPU
		{C49E767B-0566-4550-BAEB-11417ADFA0B6}.Release|Any CPU.ActiveCfg = Release|Any CPU
		{C49E767B-0566-4550-BAEB-11417ADFA0B6}.Release|Any CPU.Build.0 = Release|Any CPU
		{90B19A85-1862-4346-9162-AC6D61313AC8}.Debug|Any CPU.ActiveCfg = Debug|Any CPU
		{90B19A85-1862-4346-9162-AC6D61313AC8}.Debug|Any CPU.Build.0 = Debug|Any CPU
		{90B19A85-1862-4346-9162-AC6D61313AC8}.Release|Any CPU.ActiveCfg = Release|Any CPU
		{90B19A85-1862-4346-9162-AC6D61313AC8}.Release|Any CPU.Build.0 = Release|Any CPU
		{4F460B15-3A3E-49C2-90E4-41A797EF3257}.Debug|Any CPU.ActiveCfg = Debug|Any CPU
		{4F460B15-3A3E-49C2-90E4-41A797EF3257}.Debug|Any CPU.Build.0 = Debug|Any CPU
		{4F460B15-3A3E-49C2-90E4-41A797EF3257}.Release|Any CPU.ActiveCfg = Release|Any CPU
		{4F460B15-3A3E-49C2-90E4-41A797EF3257}.Release|Any CPU.Build.0 = Release|Any CPU
		{1C56CAB2-A22D-4DEE-975B-2813F2DA500B}.Debug|Any CPU.ActiveCfg = Debug|Any CPU
		{1C56CAB2-A22D-4DEE-975B-2813F2DA500B}.Debug|Any CPU.Build.0 = Debug|Any CPU
		{1C56CAB2-A22D-4DEE-975B-2813F2DA500B}.Release|Any CPU.ActiveCfg = Release|Any CPU
		{1C56CAB2-A22D-4DEE-975B-2813F2DA500B}.Release|Any CPU.Build.0 = Release|Any CPU
		{A79DAD8B-A94E-43BA-A6B9-6D081C41E818}.Debug|Any CPU.ActiveCfg = Debug|Any CPU
		{A79DAD8B-A94E-43BA-A6B9-6D081C41E818}.Debug|Any CPU.Build.0 = Debug|Any CPU
		{A79DAD8B-A94E-43BA-A6B9-6D081C41E818}.Release|Any CPU.ActiveCfg = Release|Any CPU
		{A79DAD8B-A94E-43BA-A6B9-6D081C41E818}.Release|Any CPU.Build.0 = Release|Any CPU
		{969D4F75-F8A9-449F-8AAD-B65EDE6E5E0F}.Debug|Any CPU.ActiveCfg = Debug|Any CPU
		{969D4F75-F8A9-449F-8AAD-B65EDE6E5E0F}.Debug|Any CPU.Build.0 = Debug|Any CPU
		{969D4F75-F8A9-449F-8AAD-B65EDE6E5E0F}.Release|Any CPU.ActiveCfg = Release|Any CPU
		{969D4F75-F8A9-449F-8AAD-B65EDE6E5E0F}.Release|Any CPU.Build.0 = Release|Any CPU
		{94F44441-5357-4E0A-9EFA-5C6E80E78BC6}.Debug|Any CPU.ActiveCfg = Debug|Any CPU
		{94F44441-5357-4E0A-9EFA-5C6E80E78BC6}.Debug|Any CPU.Build.0 = Debug|Any CPU
		{94F44441-5357-4E0A-9EFA-5C6E80E78BC6}.Release|Any CPU.ActiveCfg = Release|Any CPU
		{94F44441-5357-4E0A-9EFA-5C6E80E78BC6}.Release|Any CPU.Build.0 = Release|Any CPU
		{1CAF2BC2-E5DA-42C6-8E13-BCEF581B9FB5}.Debug|Any CPU.ActiveCfg = Debug|Any CPU
		{1CAF2BC2-E5DA-42C6-8E13-BCEF581B9FB5}.Debug|Any CPU.Build.0 = Debug|Any CPU
		{1CAF2BC2-E5DA-42C6-8E13-BCEF581B9FB5}.Release|Any CPU.ActiveCfg = Release|Any CPU
		{1CAF2BC2-E5DA-42C6-8E13-BCEF581B9FB5}.Release|Any CPU.Build.0 = Release|Any CPU
	EndGlobalSection
	GlobalSection(SolutionProperties) = preSolution
		HideSolutionNode = FALSE
	EndGlobalSection
	GlobalSection(ExtensibilityGlobals) = postSolution
		SolutionGuid = {670C962A-618C-4A53-A01A-415036A51F8E}
	EndGlobalSection
EndGlobal
